
Microsoft Visual Studio Solution File, Format Version 12.00
# Visual Studio Version 16
VisualStudioVersion = 16.0.32630.194
MinimumVisualStudioVersion = 10.0.40219.1
Project("{FAE04EC0-301F-11D3-BF4B-00C04F79EFBC}") = "FinalNew", "FinalNew\FinalNew.csproj", "{0169001B-6AC0-40B3-8D6C-5C80AE9B75F2}"
EndProject
Global
	GlobalSection(SolutionConfigurationPlatforms) = preSolution
		Debug|Any CPU = Debug|Any CPU
		Release|Any CPU = Release|Any CPU
	EndGlobalSection
	GlobalSection(ProjectConfigurationPlatforms) = postSolution
		{0169001B-6AC0-40B3-8D6C-5C80AE9B75F2}.Debug|Any CPU.ActiveCfg = Debug|Any CPU
		{0169001B-6AC0-40B3-8D6C-5C80AE9B75F2}.Debug|Any CPU.Build.0 = Debug|Any CPU
		{0169001B-6AC0-40B3-8D6C-5C80AE9B75F2}.Release|Any CPU.ActiveCfg = Release|Any CPU
		{0169001B-6AC0-40B3-8D6C-5C80AE9B75F2}.Release|Any CPU.Build.0 = Release|Any CPU
	EndGlobalSection
	GlobalSection(SolutionProperties) = preSolution
		HideSolutionNode = FALSE
	EndGlobalSection
	GlobalSection(ExtensibilityGlobals) = postSolution
		SolutionGuid = {562330B8-18BC-47C2-BA29-04E55C77D834}
	EndGlobalSection
EndGlobal
